
Microsoft Visual Studio Solution File, Format Version 12.00
# Visual Studio Version 16
VisualStudioVersion = 16.0.32106.194
MinimumVisualStudioVersion = 10.0.40219.1
Project("{FAE04EC0-301F-11D3-BF4B-00C04F79EFBC}") = "WpfApp1", "WpfApp1\WpfApp1.csproj", "{33436588-5EE7-4375-8626-ED0C75A5866E}"
EndProject
Global
	GlobalSection(SolutionConfigurationPlatforms) = preSolution
		Debug|Any CPU = Debug|Any CPU
		Release|Any CPU = Release|Any CPU
	EndGlobalSection
	GlobalSection(ProjectConfigurationPlatforms) = postSolution
		{33436588-5EE7-4375-8626-ED0C75A5866E}.Debug|Any CPU.ActiveCfg = Debug|Any CPU
		{33436588-5EE7-4375-8626-ED0C75A5866E}.Debug|Any CPU.Build.0 = Debug|Any CPU
		{33436588-5EE7-4375-8626-ED0C75A5866E}.Release|Any CPU.ActiveCfg = Release|Any CPU
		{33436588-5EE7-4375-8626-ED0C75A5866E}.Release|Any CPU.Build.0 = Release|Any CPU
	EndGlobalSection
	GlobalSection(SolutionProperties) = preSolution
		HideSolutionNode = FALSE
	EndGlobalSection
	GlobalSection(ExtensibilityGlobals) = postSolution
		SolutionGuid = {336576FC-54E5-44F6-AC75-A883D57E7FD7}
	EndGlobalSection
EndGlobal
